
Microsoft Visual Studio Solution File, Format Version 12.00
# Visual Studio 15
VisualStudioVersion = 15.0.27428.2011
MinimumVisualStudioVersion = 10.0.40219.1
Project("{FAE04EC0-301F-11D3-BF4B-00C04F79EFBC}") = "MinecraftFuntions", "MinecraftFuntions\MinecraftFuntions.csproj", "{B975FD76-6B26-40C4-94E6-AF4B9A038353}"
EndProject
Global
	GlobalSection(SolutionConfigurationPlatforms) = preSolution
		Debug|Any CPU = Debug|Any CPU
		Release|Any CPU = Release|Any CPU
	EndGlobalSection
	GlobalSection(ProjectConfigurationPlatforms) = postSolution
		{B975FD76-6B26-40C4-94E6-AF4B9A038353}.Debug|Any CPU.ActiveCfg = Debug|Any CPU
		{B975FD76-6B26-40C4-94E6-AF4B9A038353}.Debug|Any CPU.Build.0 = Debug|Any CPU
		{B975FD76-6B26-40C4-94E6-AF4B9A038353}.Release|Any CPU.ActiveCfg = Release|Any CPU
		{B975FD76-6B26-40C4-94E6-AF4B9A038353}.Release|Any CPU.Build.0 = Release|Any CPU
	EndGlobalSection
	GlobalSection(SolutionProperties) = preSolution
		HideSolutionNode = FALSE
	EndGlobalSection
	GlobalSection(ExtensibilityGlobals) = postSolution
		SolutionGuid = {32AF66D5-A754-4726-A7D9-FF8B4FE23F6A}
	EndGlobalSection
EndGlobal
